
Microsoft Visual Studio Solution File, Format Version 12.00
# Visual Studio Version 16
VisualStudioVersion = 16.0.30907.101
MinimumVisualStudioVersion = 10.0.40219.1
Project("{FAE04EC0-301F-11D3-BF4B-00C04F79EFBC}") = "QLHS", "QLHS.csproj", "{01A641FA-1F6F-4318-AF54-D9426F38439A}"
EndProject
Global
	GlobalSection(SolutionConfigurationPlatforms) = preSolution
		Debug|Any CPU = Debug|Any CPU
		Release|Any CPU = Release|Any CPU
	EndGlobalSection
	GlobalSection(ProjectConfigurationPlatforms) = postSolution
		{01A641FA-1F6F-4318-AF54-D9426F38439A}.Debug|Any CPU.ActiveCfg = Debug|Any CPU
		{01A641FA-1F6F-4318-AF54-D9426F38439A}.Debug|Any CPU.Build.0 = Debug|Any CPU
		{01A641FA-1F6F-4318-AF54-D9426F38439A}.Release|Any CPU.ActiveCfg = Release|Any CPU
		{01A641FA-1F6F-4318-AF54-D9426F38439A}.Release|Any CPU.Build.0 = Release|Any CPU
	EndGlobalSection
	GlobalSection(SolutionProperties) = preSolution
		HideSolutionNode = FALSE
	EndGlobalSection
	GlobalSection(ExtensibilityGlobals) = postSolution
		SolutionGuid = {DF4B38B6-8819-4DD6-9CE2-DD577727FF82}
	EndGlobalSection
EndGlobal
